
Microsoft Visual Studio Solution File, Format Version 12.00
# Visual Studio Version 16
VisualStudioVersion = 16.0.31424.327
MinimumVisualStudioVersion = 10.0.40219.1
Project("{8BC9CEB8-8B4A-11D0-8D11-00A0C91BC942}") = "Project3", "Project3.vcxproj", "{3BE7462E-329C-4630-8D2D-E42DC5D66532}"
EndProject
Global
	GlobalSection(SolutionConfigurationPlatforms) = preSolution
		Debug|x64 = Debug|x64
		Debug|x86 = Debug|x86
		Release|x64 = Release|x64
		Release|x86 = Release|x86
	EndGlobalSection
	GlobalSection(ProjectConfigurationPlatforms) = postSolution
		{3BE7462E-329C-4630-8D2D-E42DC5D66532}.Debug|x64.ActiveCfg = Debug|x64
		{3BE7462E-329C-4630-8D2D-E42DC5D66532}.Debug|x64.Build.0 = Debug|x64
		{3BE7462E-329C-4630-8D2D-E42DC5D66532}.Debug|x86.ActiveCfg = Debug|Win32
		{3BE7462E-329C-4630-8D2D-E42DC5D66532}.Debug|x86.Build.0 = Debug|Win32
		{3BE7462E-329C-4630-8D2D-E42DC5D66532}.Release|x64.ActiveCfg = Release|x64
		{3BE7462E-329C-4630-8D2D-E42DC5D66532}.Release|x64.Build.0 = Release|x64
		{3BE7462E-329C-4630-8D2D-E42DC5D66532}.Release|x86.ActiveCfg = Release|Win32
		{3BE7462E-329C-4630-8D2D-E42DC5D66532}.Release|x86.Build.0 = Release|Win32
	EndGlobalSection
	GlobalSection(SolutionProperties) = preSolution
		HideSolutionNode = FALSE
	EndGlobalSection
	GlobalSection(ExtensibilityGlobals) = postSolution
		SolutionGuid = {4F628AC5-45DA-44FB-8152-51EC05EA6018}
	EndGlobalSection
EndGlobal
