
Microsoft Visual Studio Solution File, Format Version 12.00
# Visual Studio Version 16
VisualStudioVersion = 16.0.31321.278
MinimumVisualStudioVersion = 10.0.40219.1
Project("{8BC9CEB8-8B4A-11D0-8D11-00A0C91BC942}") = "210528_main", "210528_main.vcxproj", "{CAEE40E5-655B-4D46-8EC3-C278ECC07C9D}"
EndProject
Global
	GlobalSection(SolutionConfigurationPlatforms) = preSolution
		Debug|x64 = Debug|x64
		Debug|x86 = Debug|x86
		Release|x64 = Release|x64
		Release|x86 = Release|x86
	EndGlobalSection
	GlobalSection(ProjectConfigurationPlatforms) = postSolution
		{CAEE40E5-655B-4D46-8EC3-C278ECC07C9D}.Debug|x64.ActiveCfg = Debug|x64
		{CAEE40E5-655B-4D46-8EC3-C278ECC07C9D}.Debug|x64.Build.0 = Debug|x64
		{CAEE40E5-655B-4D46-8EC3-C278ECC07C9D}.Debug|x86.ActiveCfg = Debug|Win32
		{CAEE40E5-655B-4D46-8EC3-C278ECC07C9D}.Debug|x86.Build.0 = Debug|Win32
		{CAEE40E5-655B-4D46-8EC3-C278ECC07C9D}.Release|x64.ActiveCfg = Release|x64
		{CAEE40E5-655B-4D46-8EC3-C278ECC07C9D}.Release|x64.Build.0 = Release|x64
		{CAEE40E5-655B-4D46-8EC3-C278ECC07C9D}.Release|x86.ActiveCfg = Release|Win32
		{CAEE40E5-655B-4D46-8EC3-C278ECC07C9D}.Release|x86.Build.0 = Release|Win32
	EndGlobalSection
	GlobalSection(SolutionProperties) = preSolution
		HideSolutionNode = FALSE
	EndGlobalSection
	GlobalSection(ExtensibilityGlobals) = postSolution
		SolutionGuid = {3A78748D-94CF-4395-9E7D-BBCC29BEF406}
	EndGlobalSection
EndGlobal
